
Microsoft Visual Studio Solution File, Format Version 12.00
# Visual Studio Version 16
VisualStudioVersion = 16.0.32602.291
MinimumVisualStudioVersion = 10.0.40219.1
Project("{FAE04EC0-301F-11D3-BF4B-00C04F79EFBC}") = "OOP2", "OOP2\OOP2.csproj", "{35A372FC-B4B9-4BE4-BAEE-1DBD090B77FA}"
EndProject
Global
	GlobalSection(SolutionConfigurationPlatforms) = preSolution
		Debug|Any CPU = Debug|Any CPU
		Release|Any CPU = Release|Any CPU
	EndGlobalSection
	GlobalSection(ProjectConfigurationPlatforms) = postSolution
		{35A372FC-B4B9-4BE4-BAEE-1DBD090B77FA}.Debug|Any CPU.ActiveCfg = Debug|Any CPU
		{35A372FC-B4B9-4BE4-BAEE-1DBD090B77FA}.Debug|Any CPU.Build.0 = Debug|Any CPU
		{35A372FC-B4B9-4BE4-BAEE-1DBD090B77FA}.Release|Any CPU.ActiveCfg = Release|Any CPU
		{35A372FC-B4B9-4BE4-BAEE-1DBD090B77FA}.Release|Any CPU.Build.0 = Release|Any CPU
	EndGlobalSection
	GlobalSection(SolutionProperties) = preSolution
		HideSolutionNode = FALSE
	EndGlobalSection
	GlobalSection(ExtensibilityGlobals) = postSolution
		SolutionGuid = {43132B4E-E4C1-4DFC-95B6-7F8FCD1E5299}
	EndGlobalSection
EndGlobal
